
Microsoft Visual Studio Solution File, Format Version 12.00
# Visual Studio Version 17
VisualStudioVersion = 17.6.33829.357
MinimumVisualStudioVersion = 10.0.40219.1
Project("{8BC9CEB8-8B4A-11D0-8D11-00A0C91BC942}") = "QtWidgetsApplicationGraphicForTheOperator", "QtWidgetsApplicationGraphicForTheOperator\QtWidgetsApplicationGraphicForTheOperator.vcxproj", "{E9743AE8-9AA2-45B0-AE4F-2775FD1B0D92}"
EndProject
Global
	GlobalSection(SolutionConfigurationPlatforms) = preSolution
		Debug|x86 = Debug|x86
		Release|x86 = Release|x86
	EndGlobalSection
	GlobalSection(ProjectConfigurationPlatforms) = postSolution
		{E9743AE8-9AA2-45B0-AE4F-2775FD1B0D92}.Debug|x86.ActiveCfg = Debug|Win32
		{E9743AE8-9AA2-45B0-AE4F-2775FD1B0D92}.Debug|x86.Build.0 = Debug|Win32
		{E9743AE8-9AA2-45B0-AE4F-2775FD1B0D92}.Release|x86.ActiveCfg = Release|Win32
		{E9743AE8-9AA2-45B0-AE4F-2775FD1B0D92}.Release|x86.Build.0 = Release|Win32
	EndGlobalSection
	GlobalSection(SolutionProperties) = preSolution
		HideSolutionNode = FALSE
	EndGlobalSection
	GlobalSection(ExtensibilityGlobals) = postSolution
		SolutionGuid = {0CCA6DB8-8505-4FDE-A2B2-7D39F874D929}
	EndGlobalSection
EndGlobal
